
Microsoft Visual Studio Solution File, Format Version 12.00
# Visual Studio Version 17
VisualStudioVersion = 17.5.33414.496
MinimumVisualStudioVersion = 10.0.40219.1
Project("{FAE04EC0-301F-11D3-BF4B-00C04F79EFBC}") = "TestWebAPIByVSPurple", "TestWebAPIByVSPurple\TestWebAPIByVSPurple.csproj", "{0913881B-1E4F-4F4C-B1D1-19D57871EA0D}"
EndProject
Global
	GlobalSection(SolutionConfigurationPlatforms) = preSolution
		Debug|Any CPU = Debug|Any CPU
		Release|Any CPU = Release|Any CPU
	EndGlobalSection
	GlobalSection(ProjectConfigurationPlatforms) = postSolution
		{0913881B-1E4F-4F4C-B1D1-19D57871EA0D}.Debug|Any CPU.ActiveCfg = Debug|Any CPU
		{0913881B-1E4F-4F4C-B1D1-19D57871EA0D}.Debug|Any CPU.Build.0 = Debug|Any CPU
		{0913881B-1E4F-4F4C-B1D1-19D57871EA0D}.Release|Any CPU.ActiveCfg = Release|Any CPU
		{0913881B-1E4F-4F4C-B1D1-19D57871EA0D}.Release|Any CPU.Build.0 = Release|Any CPU
	EndGlobalSection
	GlobalSection(SolutionProperties) = preSolution
		HideSolutionNode = FALSE
	EndGlobalSection
	GlobalSection(ExtensibilityGlobals) = postSolution
		SolutionGuid = {17610C81-087A-41B6-9C85-AF210F410FDE}
	EndGlobalSection
EndGlobal
